
Microsoft Visual Studio Solution File, Format Version 12.00
# Visual Studio 15
VisualStudioVersion = 15.0.27130.2010
MinimumVisualStudioVersion = 10.0.40219.1
Project("{FAE04EC0-301F-11D3-BF4B-00C04F79EFBC}") = "RSSReader", "RSSReader\RSSReader.csproj", "{D2EE455C-7589-4C3B-9389-08A78D61D60E}"
EndProject
Global
	GlobalSection(SolutionConfigurationPlatforms) = preSolution
		Debug|Any CPU = Debug|Any CPU
		Release|Any CPU = Release|Any CPU
	EndGlobalSection
	GlobalSection(ProjectConfigurationPlatforms) = postSolution
		{D2EE455C-7589-4C3B-9389-08A78D61D60E}.Debug|Any CPU.ActiveCfg = Debug|Any CPU
		{D2EE455C-7589-4C3B-9389-08A78D61D60E}.Debug|Any CPU.Build.0 = Debug|Any CPU
		{D2EE455C-7589-4C3B-9389-08A78D61D60E}.Release|Any CPU.ActiveCfg = Release|Any CPU
		{D2EE455C-7589-4C3B-9389-08A78D61D60E}.Release|Any CPU.Build.0 = Release|Any CPU
	EndGlobalSection
	GlobalSection(SolutionProperties) = preSolution
		HideSolutionNode = FALSE
	EndGlobalSection
	GlobalSection(ExtensibilityGlobals) = postSolution
		SolutionGuid = {0E81AD66-68CE-4E21-A740-1BC553C1D058}
	EndGlobalSection
EndGlobal
